{
  "object": {
    "pins": [
      {
        "package": "citron",
        "repositoryURL": "https://github.com/roop/citron.git",
        "state": {
          "branch": "master",
          "revision": "4f120cf5c61f9ece05b485c275d484bf1cd39fd9",
          "version": null
        }
      },
      {
        "package": "swift-argument-parser",
        "repositoryURL": "https://github.com/apple/swift-argument-parser.git",
        "state": {
          "branch": null,
          "revision": "986d191f94cec88f6350056da59c2e59e83d1229",
          "version": "0.4.3"
        }
      },
      {
        "package": "swift-collections",
        "repositoryURL": "https://github.com/apple/swift-collections",
        "state": {
          "branch": null,
          "revision": "0959ba76a1d4a98fd11163aa83fd49c25b93bfae",
          "version": "0.0.5"
        }
      }
    ]
  },
  "version": 1
}
