{
  "pins" : [
    {
      "identity" : "citron",
      "kind" : "remoteSourceControl",
      "location" : "https://github.com/dabrahams/citron.git",
      "state" : {
        "branch" : "main",
        "revision" : "aefc7a9bfe4e7c8a7f536687abdcd39540c1cce5"
      }
    },
    {
      "identity" : "swift-argument-parser",
      "kind" : "remoteSourceControl",
      "location" : "https://github.com/apple/swift-argument-parser.git",
      "state" : {
        "revision" : "6b2aa2748a7881eebb9f84fb10c01293e15b52ca",
        "version" : "0.5.0"
      }
    },
    {
      "identity" : "zip2collection",
      "kind" : "remoteSourceControl",
      "location" : "https://github.com/loftware/Zip2Collection.git",
      "state" : {
        "revision" : "240416951ca7bb96920acbf335ba089479eeaa1f",
        "version" : "0.1.0"
      }
    }
  ],
  "version" : 2
}
