dependencies:
  espressif/led_strip:
    component_hash: 28621486f77229aaf81c71f5e15d6fbf36c2949cf11094e07090593e659e7639
    dependencies:
    - name: idf
      require: private
      version: '>=5.0'
    source:
      registry_url: https://components.espressif.com/
      type: service
    version: 3.0.3
  idf:
    source:
      type: idf
    version: 6.0.0
direct_dependencies:
- espressif/led_strip
manifest_hash: cdcc77aff1f56b906c61e51c8f438577513c8d92aa9dfd7bf655f126d2b2d320
target: esp32c3
version: 2.0.0
